// !$*UTF8*$!
{
	archiveVersion = 1;
	classes = {
	};
	objectVersion = 55;
	objects = {

/* Begin PBXBuildFile section */
		03342592B168152AAEB30410 /* Pods_MyReads_MyReadsUITests.framework in Frameworks */ = {isa = PBXBuildFile; fileRef = 8DFB3BF29EBEF6C19CE5D5A1 /* Pods_MyReads_MyReadsUITests.framework */; };
		5BA4D459FF2111DF06582611 /* Pods_MyReadsTests.framework in Frameworks */ = {isa = PBXBuildFile; fileRef = AC1773189247EFCC251CA726 /* Pods_MyReadsTests.framework */; };
		CB39812227B9A2D800F17C87 /* AppCore in Frameworks */ = {isa = PBXBuildFile; productRef = CB39812127B9A2D800F17C87 /* AppCore */; };
		CB51807A27AFE9C200C5BF70 /* App.swift in Sources */ = {isa = PBXBuildFile; fileRef = CB51807927AFE9C200C5BF70 /* App.swift */; };
		CB51807C27AFE9C200C5BF70 /* ContentView.swift in Sources */ = {isa = PBXBuildFile; fileRef = CB51807B27AFE9C200C5BF70 /* ContentView.swift */; };
		CB51807E27AFE9D000C5BF70 /* Assets.xcassets in Resources */ = {isa = PBXBuildFile; fileRef = CB51807D27AFE9D000C5BF70 /* Assets.xcassets */; };
		CB51808127AFE9D000C5BF70 /* Preview Assets.xcassets in Resources */ = {isa = PBXBuildFile; fileRef = CB51808027AFE9D000C5BF70 /* Preview Assets.xcassets */; };
		CB51808B27AFE9D000C5BF70 /* MyReadsTests.swift in Sources */ = {isa = PBXBuildFile; fileRef = CB51808A27AFE9D000C5BF70 /* MyReadsTests.swift */; };
		CB51809527AFE9D000C5BF70 /* MyReadsUITests.swift in Sources */ = {isa = PBXBuildFile; fileRef = CB51809427AFE9D000C5BF70 /* MyReadsUITests.swift */; };
		CB51809727AFE9D000C5BF70 /* MyReadsUITestsLaunchTests.swift in Sources */ = {isa = PBXBuildFile; fileRef = CB51809627AFE9D000C5BF70 /* MyReadsUITestsLaunchTests.swift */; };
		CBD0FF0E27B03EED00940A24 /* AppEnvironment.swift in Sources */ = {isa = PBXBuildFile; fileRef = CBD0FF0D27B03EED00940A24 /* AppEnvironment.swift */; };
		CBD0FF1027B043B000940A24 /* Store.swift in Sources */ = {isa = PBXBuildFile; fileRef = CBD0FF0F27B043B000940A24 /* Store.swift */; };
		CBD0FF1227B043D000940A24 /* AppState.swift in Sources */ = {isa = PBXBuildFile; fileRef = CBD0FF1127B043D000940A24 /* AppState.swift */; };
		D145F4C01E5F2F0B89466759 /* Pods_MyReads.framework in Frameworks */ = {isa = PBXBuildFile; fileRef = 5F15C191E4C9CFC5D5AAD910 /* Pods_MyReads.framework */; };
/* End PBXBuildFile section */

/* Begin PBXContainerItemProxy section */
		CB51808727AFE9D000C5BF70 /* PBXContainerItemProxy */ = {
			isa = PBXContainerItemProxy;
			containerPortal = CB51806E27AFE9C200C5BF70 /* Project object */;
			proxyType = 1;
			remoteGlobalIDString = CB51807527AFE9C200C5BF70;
			remoteInfo = MyReads;
		};
		CB51809127AFE9D000C5BF70 /* PBXContainerItemProxy */ = {
			isa = PBXContainerItemProxy;
			containerPortal = CB51806E27AFE9C200C5BF70 /* Project object */;
			proxyType = 1;
			remoteGlobalIDString = CB51807527AFE9C200C5BF70;
			remoteInfo = MyReads;
		};
/* End PBXContainerItemProxy section */

/* Begin PBXFileReference section */
		1902215EB8F9424B30FFD018 /* Pods-MyReads-MyReadsUITests.debug.xcconfig */ = {isa = PBXFileReference; includeInIndex = 1; lastKnownFileType = text.xcconfig; name = "Pods-MyReads-MyReadsUITests.debug.xcconfig"; path = "Target Support Files/Pods-MyReads-MyReadsUITests/Pods-MyReads-MyReadsUITests.debug.xcconfig"; sourceTree = "<group>"; };
		2A543E6E1F4114E060DF140F /* Pods-MyReads.debug.xcconfig */ = {isa = PBXFileReference; includeInIndex = 1; lastKnownFileType = text.xcconfig; name = "Pods-MyReads.debug.xcconfig"; path = "Target Support Files/Pods-MyReads/Pods-MyReads.debug.xcconfig"; sourceTree = "<group>"; };
		5F15C191E4C9CFC5D5AAD910 /* Pods_MyReads.framework */ = {isa = PBXFileReference; explicitFileType = wrapper.framework; includeInIndex = 0; path = Pods_MyReads.framework; sourceTree = BUILT_PRODUCTS_DIR; };
		72393FC063E92F6A7E53469E /* Pods-MyReads.release.xcconfig */ = {isa = PBXFileReference; includeInIndex = 1; lastKnownFileType = text.xcconfig; name = "Pods-MyReads.release.xcconfig"; path = "Target Support Files/Pods-MyReads/Pods-MyReads.release.xcconfig"; sourceTree = "<group>"; };
		8DFB3BF29EBEF6C19CE5D5A1 /* Pods_MyReads_MyReadsUITests.framework */ = {isa = PBXFileReference; explicitFileType = wrapper.framework; includeInIndex = 0; path = Pods_MyReads_MyReadsUITests.framework; sourceTree = BUILT_PRODUCTS_DIR; };
		AC1773189247EFCC251CA726 /* Pods_MyReadsTests.framework */ = {isa = PBXFileReference; explicitFileType = wrapper.framework; includeInIndex = 0; path = Pods_MyReadsTests.framework; sourceTree = BUILT_PRODUCTS_DIR; };
		C7AAC861F4C6D2AE29447CEA /* Pods-MyReadsTests.debug.xcconfig */ = {isa = PBXFileReference; includeInIndex = 1; lastKnownFileType = text.xcconfig; name = "Pods-MyReadsTests.debug.xcconfig"; path = "Target Support Files/Pods-MyReadsTests/Pods-MyReadsTests.debug.xcconfig"; sourceTree = "<group>"; };
		CB04406427B0556800357030 /* WelcomeFeature */ = {isa = PBXFileReference; lastKnownFileType = folder; name = WelcomeFeature; path = MyReadsFeatures/WelcomeFeature; sourceTree = "<group>"; };
		CB39811127B1ABBF00F17C87 /* MyReadsComponentsKit */ = {isa = PBXFileReference; lastKnownFileType = folder; name = MyReadsComponentsKit; path = MyReadsPackages/MyReadsComponentsKit; sourceTree = "<group>"; };
		CB39811727B84F2F00F17C87 /* MyBooksFeature */ = {isa = PBXFileReference; lastKnownFileType = folder; name = MyBooksFeature; path = MyReadsFeatures/MyBooksFeature; sourceTree = "<group>"; };
		CB39811A27B8579200F17C87 /* BookDetailsFeature */ = {isa = PBXFileReference; lastKnownFileType = folder; name = BookDetailsFeature; path = MyReadsFeatures/BookDetailsFeature; sourceTree = "<group>"; };
		CB39811D27B969AB00F17C87 /* RegistrationFeature */ = {isa = PBXFileReference; lastKnownFileType = folder; name = RegistrationFeature; path = MyReadsFeatures/RegistrationFeature; sourceTree = "<group>"; };
		CB39812327B9A41800F17C87 /* AppCore */ = {isa = PBXFileReference; lastKnownFileType = folder; name = AppCore; path = MyReadsPackages/AppCore; sourceTree = "<group>"; };
		CB51807627AFE9C200C5BF70 /* MyReads.app */ = {isa = PBXFileReference; explicitFileType = wrapper.application; includeInIndex = 0; path = MyReads.app; sourceTree = BUILT_PRODUCTS_DIR; };
		CB51807927AFE9C200C5BF70 /* App.swift */ = {isa = PBXFileReference; lastKnownFileType = sourcecode.swift; path = App.swift; sourceTree = "<group>"; };
		CB51807B27AFE9C200C5BF70 /* ContentView.swift */ = {isa = PBXFileReference; lastKnownFileType = sourcecode.swift; path = ContentView.swift; sourceTree = "<group>"; };
		CB51807D27AFE9D000C5BF70 /* Assets.xcassets */ = {isa = PBXFileReference; lastKnownFileType = folder.assetcatalog; path = Assets.xcassets; sourceTree = "<group>"; };
		CB51808027AFE9D000C5BF70 /* Preview Assets.xcassets */ = {isa = PBXFileReference; lastKnownFileType = folder.assetcatalog; path = "Preview Assets.xcassets"; sourceTree = "<group>"; };
		CB51808627AFE9D000C5BF70 /* MyReadsTests.xctest */ = {isa = PBXFileReference; explicitFileType = wrapper.cfbundle; includeInIndex = 0; path = MyReadsTests.xctest; sourceTree = BUILT_PRODUCTS_DIR; };
		CB51808A27AFE9D000C5BF70 /* MyReadsTests.swift */ = {isa = PBXFileReference; lastKnownFileType = sourcecode.swift; path = MyReadsTests.swift; sourceTree = "<group>"; };
		CB51809027AFE9D000C5BF70 /* MyReadsUITests.xctest */ = {isa = PBXFileReference; explicitFileType = wrapper.cfbundle; includeInIndex = 0; path = MyReadsUITests.xctest; sourceTree = BUILT_PRODUCTS_DIR; };
		CB51809427AFE9D000C5BF70 /* MyReadsUITests.swift */ = {isa = PBXFileReference; lastKnownFileType = sourcecode.swift; path = MyReadsUITests.swift; sourceTree = "<group>"; };
		CB51809627AFE9D000C5BF70 /* MyReadsUITestsLaunchTests.swift */ = {isa = PBXFileReference; lastKnownFileType = sourcecode.swift; path = MyReadsUITestsLaunchTests.swift; sourceTree = "<group>"; };
		CBD0FF0D27B03EED00940A24 /* AppEnvironment.swift */ = {isa = PBXFileReference; lastKnownFileType = sourcecode.swift; path = AppEnvironment.swift; sourceTree = "<group>"; };
		CBD0FF0F27B043B000940A24 /* Store.swift */ = {isa = PBXFileReference; lastKnownFileType = sourcecode.swift; path = Store.swift; sourceTree = "<group>"; };
		CBD0FF1127B043D000940A24 /* AppState.swift */ = {isa = PBXFileReference; lastKnownFileType = sourcecode.swift; path = AppState.swift; sourceTree = "<group>"; };
		CBD0FF1327B04EA000940A24 /* RootFeature */ = {isa = PBXFileReference; lastKnownFileType = folder; name = RootFeature; path = MyReadsFeatures/RootFeature; sourceTree = "<group>"; };
		CBDC83A427B0585200EB7D45 /* TabBarFeature */ = {isa = PBXFileReference; lastKnownFileType = folder; name = TabBarFeature; path = MyReadsFeatures/TabBarFeature; sourceTree = "<group>"; };
		CBE3565E27B02A1E00612DB0 /* Network */ = {isa = PBXFileReference; lastKnownFileType = folder; name = Network; path = MyReadsFeatures/Network; sourceTree = "<group>"; };
		CBFA6A9027B05EE700B4DE48 /* LoginFeature */ = {isa = PBXFileReference; lastKnownFileType = folder; name = LoginFeature; path = MyReadsFeatures/LoginFeature; sourceTree = "<group>"; };
		D19B53A280D18F1DC6CBCC31 /* Pods-MyReadsTests.release.xcconfig */ = {isa = PBXFileReference; includeInIndex = 1; lastKnownFileType = text.xcconfig; name = "Pods-MyReadsTests.release.xcconfig"; path = "Target Support Files/Pods-MyReadsTests/Pods-MyReadsTests.release.xcconfig"; sourceTree = "<group>"; };
		ECD09772BADAD826C38CA617 /* Pods-MyReads-MyReadsUITests.release.xcconfig */ = {isa = PBXFileReference; includeInIndex = 1; lastKnownFileType = text.xcconfig; name = "Pods-MyReads-MyReadsUITests.release.xcconfig"; path = "Target Support Files/Pods-MyReads-MyReadsUITests/Pods-MyReads-MyReadsUITests.release.xcconfig"; sourceTree = "<group>"; };
/* End PBXFileReference section */

/* Begin PBXFrameworksBuildPhase section */
		CB51807327AFE9C200C5BF70 /* Frameworks */ = {
			isa = PBXFrameworksBuildPhase;
			buildActionMask = 2147483647;
			files = (
				D145F4C01E5F2F0B89466759 /* Pods_MyReads.framework in Frameworks */,
				CB39812227B9A2D800F17C87 /* AppCore in Frameworks */,
			);
			runOnlyForDeploymentPostprocessing = 0;
		};
		CB51808327AFE9D000C5BF70 /* Frameworks */ = {
			isa = PBXFrameworksBuildPhase;
			buildActionMask = 2147483647;
			files = (
				5BA4D459FF2111DF06582611 /* Pods_MyReadsTests.framework in Frameworks */,
			);
			runOnlyForDeploymentPostprocessing = 0;
		};
		CB51808D27AFE9D000C5BF70 /* Frameworks */ = {
			isa = PBXFrameworksBuildPhase;
			buildActionMask = 2147483647;
			files = (
				03342592B168152AAEB30410 /* Pods_MyReads_MyReadsUITests.framework in Frameworks */,
			);
			runOnlyForDeploymentPostprocessing = 0;
		};
/* End PBXFrameworksBuildPhase section */

/* Begin PBXGroup section */
		7E0A2E15829980410280F44E /* Frameworks */ = {
			isa = PBXGroup;
			children = (
				5F15C191E4C9CFC5D5AAD910 /* Pods_MyReads.framework */,
				8DFB3BF29EBEF6C19CE5D5A1 /* Pods_MyReads_MyReadsUITests.framework */,
				AC1773189247EFCC251CA726 /* Pods_MyReadsTests.framework */,
			);
			name = Frameworks;
			sourceTree = "<group>";
		};
		CB39811627B1AEB100F17C87 /* Features */ = {
			isa = PBXGroup;
			children = (
				CBE3565E27B02A1E00612DB0 /* Network */,
				CBD0FF1327B04EA000940A24 /* RootFeature */,
				CBFA6A9027B05EE700B4DE48 /* LoginFeature */,
				CB39811D27B969AB00F17C87 /* RegistrationFeature */,
				CBDC83A427B0585200EB7D45 /* TabBarFeature */,
				CB04406427B0556800357030 /* WelcomeFeature */,
				CB39811727B84F2F00F17C87 /* MyBooksFeature */,
				CB39811A27B8579200F17C87 /* BookDetailsFeature */,
			);
			name = Features;
			sourceTree = "<group>";
		};
		CB51806D27AFE9C200C5BF70 = {
			isa = PBXGroup;
			children = (
				CBE3565D27B02A1E00612DB0 /* Packages */,
				CB51807827AFE9C200C5BF70 /* MyReads */,
				CB51808927AFE9D000C5BF70 /* MyReadsTests */,
				CB51809327AFE9D000C5BF70 /* MyReadsUITests */,
				CB51807727AFE9C200C5BF70 /* Products */,
				DAB2215564C1F5617CE90AB7 /* Pods */,
				7E0A2E15829980410280F44E /* Frameworks */,
			);
			sourceTree = "<group>";
		};
		CB51807727AFE9C200C5BF70 /* Products */ = {
			isa = PBXGroup;
			children = (
				CB51807627AFE9C200C5BF70 /* MyReads.app */,
				CB51808627AFE9D000C5BF70 /* MyReadsTests.xctest */,
				CB51809027AFE9D000C5BF70 /* MyReadsUITests.xctest */,
			);
			name = Products;
			sourceTree = "<group>";
		};
		CB51807827AFE9C200C5BF70 /* MyReads */ = {
			isa = PBXGroup;
			children = (
				CB51807927AFE9C200C5BF70 /* App.swift */,
				CBD0FF0D27B03EED00940A24 /* AppEnvironment.swift */,
				CBD0FF1127B043D000940A24 /* AppState.swift */,
				CBD0FF0F27B043B000940A24 /* Store.swift */,
				CB51807B27AFE9C200C5BF70 /* ContentView.swift */,
				CB51807D27AFE9D000C5BF70 /* Assets.xcassets */,
				CB51807F27AFE9D000C5BF70 /* Preview Content */,
			);
			path = MyReads;
			sourceTree = "<group>";
		};
		CB51807F27AFE9D000C5BF70 /* Preview Content */ = {
			isa = PBXGroup;
			children = (
				CB51808027AFE9D000C5BF70 /* Preview Assets.xcassets */,
			);
			path = "Preview Content";
			sourceTree = "<group>";
		};
		CB51808927AFE9D000C5BF70 /* MyReadsTests */ = {
			isa = PBXGroup;
			children = (
				CB51808A27AFE9D000C5BF70 /* MyReadsTests.swift */,
			);
			path = MyReadsTests;
			sourceTree = "<group>";
		};
		CB51809327AFE9D000C5BF70 /* MyReadsUITests */ = {
			isa = PBXGroup;
			children = (
				CB51809427AFE9D000C5BF70 /* MyReadsUITests.swift */,
				CB51809627AFE9D000C5BF70 /* MyReadsUITestsLaunchTests.swift */,
			);
			path = MyReadsUITests;
			sourceTree = "<group>";
		};
		CBE3565D27B02A1E00612DB0 /* Packages */ = {
			isa = PBXGroup;
			children = (
				CB39811627B1AEB100F17C87 /* Features */,
				CB39811127B1ABBF00F17C87 /* MyReadsComponentsKit */,
				CB39812327B9A41800F17C87 /* AppCore */,
			);
			name = Packages;
			sourceTree = "<group>";
		};
		DAB2215564C1F5617CE90AB7 /* Pods */ = {
			isa = PBXGroup;
			children = (
				2A543E6E1F4114E060DF140F /* Pods-MyReads.debug.xcconfig */,
				72393FC063E92F6A7E53469E /* Pods-MyReads.release.xcconfig */,
				1902215EB8F9424B30FFD018 /* Pods-MyReads-MyReadsUITests.debug.xcconfig */,
				ECD09772BADAD826C38CA617 /* Pods-MyReads-MyReadsUITests.release.xcconfig */,
				C7AAC861F4C6D2AE29447CEA /* Pods-MyReadsTests.debug.xcconfig */,
				D19B53A280D18F1DC6CBCC31 /* Pods-MyReadsTests.release.xcconfig */,
			);
			path = Pods;
			sourceTree = "<group>";
		};
/* End PBXGroup section */

/* Begin PBXNativeTarget section */
		CB51807527AFE9C200C5BF70 /* MyReads */ = {
			isa = PBXNativeTarget;
			buildConfigurationList = CB51809A27AFE9D000C5BF70 /* Build configuration list for PBXNativeTarget "MyReads" */;
			buildPhases = (
				106EFA9DCDF5B51359F3BC72 /* [CP] Check Pods Manifest.lock */,
				CB51807227AFE9C200C5BF70 /* Sources */,
				CB51807327AFE9C200C5BF70 /* Frameworks */,
				CB51807427AFE9C200C5BF70 /* Resources */,
			);
			buildRules = (
			);
			dependencies = (
			);
			name = MyReads;
			packageProductDependencies = (
				CB39812127B9A2D800F17C87 /* AppCore */,
			);
			productName = MyReads;
			productReference = CB51807627AFE9C200C5BF70 /* MyReads.app */;
			productType = "com.apple.product-type.application";
		};
		CB51808527AFE9D000C5BF70 /* MyReadsTests */ = {
			isa = PBXNativeTarget;
			buildConfigurationList = CB51809D27AFE9D000C5BF70 /* Build configuration list for PBXNativeTarget "MyReadsTests" */;
			buildPhases = (
				838920BD5B0B8E2A9AEE72C6 /* [CP] Check Pods Manifest.lock */,
				CB51808227AFE9D000C5BF70 /* Sources */,
				CB51808327AFE9D000C5BF70 /* Frameworks */,
				CB51808427AFE9D000C5BF70 /* Resources */,
			);
			buildRules = (
			);
			dependencies = (
				CB51808827AFE9D000C5BF70 /* PBXTargetDependency */,
			);
			name = MyReadsTests;
			productName = MyReadsTests;
			productReference = CB51808627AFE9D000C5BF70 /* MyReadsTests.xctest */;
			productType = "com.apple.product-type.bundle.unit-test";
		};
		CB51808F27AFE9D000C5BF70 /* MyReadsUITests */ = {
			isa = PBXNativeTarget;
			buildConfigurationList = CB5180A027AFE9D000C5BF70 /* Build configuration list for PBXNativeTarget "MyReadsUITests" */;
			buildPhases = (
				CB53DE644DC8F7C2FF0C620B /* [CP] Check Pods Manifest.lock */,
				CB51808C27AFE9D000C5BF70 /* Sources */,
				CB51808D27AFE9D000C5BF70 /* Frameworks */,
				CB51808E27AFE9D000C5BF70 /* Resources */,
			);
			buildRules = (
			);
			dependencies = (
				CB51809227AFE9D000C5BF70 /* PBXTargetDependency */,
			);
			name = MyReadsUITests;
			productName = MyReadsUITests;
			productReference = CB51809027AFE9D000C5BF70 /* MyReadsUITests.xctest */;
			productType = "com.apple.product-type.bundle.ui-testing";
		};
/* End PBXNativeTarget section */

/* Begin PBXProject section */
		CB51806E27AFE9C200C5BF70 /* Project object */ = {
			isa = PBXProject;
			attributes = {
				BuildIndependentTargetsInParallel = 1;
				LastSwiftUpdateCheck = 1310;
				LastUpgradeCheck = 1310;
				TargetAttributes = {
					CB51807527AFE9C200C5BF70 = {
						CreatedOnToolsVersion = 13.1;
					};
					CB51808527AFE9D000C5BF70 = {
						CreatedOnToolsVersion = 13.1;
						TestTargetID = CB51807527AFE9C200C5BF70;
					};
					CB51808F27AFE9D000C5BF70 = {
						CreatedOnToolsVersion = 13.1;
						TestTargetID = CB51807527AFE9C200C5BF70;
					};
				};
			};
			buildConfigurationList = CB51807127AFE9C200C5BF70 /* Build configuration list for PBXProject "MyReads" */;
			compatibilityVersion = "Xcode 13.0";
			developmentRegion = en;
			hasScannedForEncodings = 0;
			knownRegions = (
				en,
				Base,
			);
			mainGroup = CB51806D27AFE9C200C5BF70;
			productRefGroup = CB51807727AFE9C200C5BF70 /* Products */;
			projectDirPath = "";
			projectRoot = "";
			targets = (
				CB51807527AFE9C200C5BF70 /* MyReads */,
				CB51808527AFE9D000C5BF70 /* MyReadsTests */,
				CB51808F27AFE9D000C5BF70 /* MyReadsUITests */,
			);
		};
/* End PBXProject section */

/* Begin PBXResourcesBuildPhase section */
		CB51807427AFE9C200C5BF70 /* Resources */ = {
			isa = PBXResourcesBuildPhase;
			buildActionMask = 2147483647;
			files = (
				CB51808127AFE9D000C5BF70 /* Preview Assets.xcassets in Resources */,
				CB51807E27AFE9D000C5BF70 /* Assets.xcassets in Resources */,
			);
			runOnlyForDeploymentPostprocessing = 0;
		};
		CB51808427AFE9D000C5BF70 /* Resources */ = {
			isa = PBXResourcesBuildPhase;
			buildActionMask = 2147483647;
			files = (
			);
			runOnlyForDeploymentPostprocessing = 0;
		};
		CB51808E27AFE9D000C5BF70 /* Resources */ = {
			isa = PBXResourcesBuildPhase;
			buildActionMask = 2147483647;
			files = (
			);
			runOnlyForDeploymentPostprocessing = 0;
		};
/* End PBXResourcesBuildPhase section */

/* Begin PBXShellScriptBuildPhase section */
		106EFA9DCDF5B51359F3BC72 /* [CP] Check Pods Manifest.lock */ = {
			isa = PBXShellScriptBuildPhase;
			buildActionMask = 2147483647;
			files = (
			);
			inputFileListPaths = (
			);
			inputPaths = (
				"${PODS_PODFILE_DIR_PATH}/Podfile.lock",
				"${PODS_ROOT}/Manifest.lock",
			);
			name = "[CP] Check Pods Manifest.lock";
			outputFileListPaths = (
			);
			outputPaths = (
				"$(DERIVED_FILE_DIR)/Pods-MyReads-checkManifestLockResult.txt",
			);
			runOnlyForDeploymentPostprocessing = 0;
			shellPath = /bin/sh;
			shellScript = "diff \"${PODS_PODFILE_DIR_PATH}/Podfile.lock\" \"${PODS_ROOT}/Manifest.lock\" > /dev/null\nif [ $? != 0 ] ; then\n    # print error to STDERR\n    echo \"error: The sandbox is not in sync with the Podfile.lock. Run 'pod install' or update your CocoaPods installation.\" >&2\n    exit 1\nfi\n# This output is used by Xcode 'outputs' to avoid re-running this script phase.\necho \"SUCCESS\" > \"${SCRIPT_OUTPUT_FILE_0}\"\n";
			showEnvVarsInLog = 0;
		};
		838920BD5B0B8E2A9AEE72C6 /* [CP] Check Pods Manifest.lock */ = {
			isa = PBXShellScriptBuildPhase;
			buildActionMask = 2147483647;
			files = (
			);
			inputFileListPaths = (
			);
			inputPaths = (
				"${PODS_PODFILE_DIR_PATH}/Podfile.lock",
				"${PODS_ROOT}/Manifest.lock",
			);
			name = "[CP] Check Pods Manifest.lock";
			outputFileListPaths = (
			);
			outputPaths = (
				"$(DERIVED_FILE_DIR)/Pods-MyReadsTests-checkManifestLockResult.txt",
			);
			runOnlyForDeploymentPostprocessing = 0;
			shellPath = /bin/sh;
			shellScript = "diff \"${PODS_PODFILE_DIR_PATH}/Podfile.lock\" \"${PODS_ROOT}/Manifest.lock\" > /dev/null\nif [ $? != 0 ] ; then\n    # print error to STDERR\n    echo \"error: The sandbox is not in sync with the Podfile.lock. Run 'pod install' or update your CocoaPods installation.\" >&2\n    exit 1\nfi\n# This output is used by Xcode 'outputs' to avoid re-running this script phase.\necho \"SUCCESS\" > \"${SCRIPT_OUTPUT_FILE_0}\"\n";
			showEnvVarsInLog = 0;
		};
		CB53DE644DC8F7C2FF0C620B /* [CP] Check Pods Manifest.lock */ = {
			isa = PBXShellScriptBuildPhase;
			buildActionMask = 2147483647;
			files = (
			);
			inputFileListPaths = (
			);
			inputPaths = (
				"${PODS_PODFILE_DIR_PATH}/Podfile.lock",
				"${PODS_ROOT}/Manifest.lock",
			);
			name = "[CP] Check Pods Manifest.lock";
			outputFileListPaths = (
			);
			outputPaths = (
				"$(DERIVED_FILE_DIR)/Pods-MyReads-MyReadsUITests-checkManifestLockResult.txt",
			);
			runOnlyForDeploymentPostprocessing = 0;
			shellPath = /bin/sh;
			shellScript = "diff \"${PODS_PODFILE_DIR_PATH}/Podfile.lock\" \"${PODS_ROOT}/Manifest.lock\" > /dev/null\nif [ $? != 0 ] ; then\n    # print error to STDERR\n    echo \"error: The sandbox is not in sync with the Podfile.lock. Run 'pod install' or update your CocoaPods installation.\" >&2\n    exit 1\nfi\n# This output is used by Xcode 'outputs' to avoid re-running this script phase.\necho \"SUCCESS\" > \"${SCRIPT_OUTPUT_FILE_0}\"\n";
			showEnvVarsInLog = 0;
		};
/* End PBXShellScriptBuildPhase section */

/* Begin PBXSourcesBuildPhase section */
		CB51807227AFE9C200C5BF70 /* Sources */ = {
			isa = PBXSourcesBuildPhase;
			buildActionMask = 2147483647;
			files = (
				CB51807C27AFE9C200C5BF70 /* ContentView.swift in Sources */,
				CB51807A27AFE9C200C5BF70 /* App.swift in Sources */,
				CBD0FF0E27B03EED00940A24 /* AppEnvironment.swift in Sources */,
				CBD0FF1227B043D000940A24 /* AppState.swift in Sources */,
				CBD0FF1027B043B000940A24 /* Store.swift in Sources */,
			);
			runOnlyForDeploymentPostprocessing = 0;
		};
		CB51808227AFE9D000C5BF70 /* Sources */ = {
			isa = PBXSourcesBuildPhase;
			buildActionMask = 2147483647;
			files = (
				CB51808B27AFE9D000C5BF70 /* MyReadsTests.swift in Sources */,
			);
			runOnlyForDeploymentPostprocessing = 0;
		};
		CB51808C27AFE9D000C5BF70 /* Sources */ = {
			isa = PBXSourcesBuildPhase;
			buildActionMask = 2147483647;
			files = (
				CB51809727AFE9D000C5BF70 /* MyReadsUITestsLaunchTests.swift in Sources */,
				CB51809527AFE9D000C5BF70 /* MyReadsUITests.swift in Sources */,
			);
			runOnlyForDeploymentPostprocessing = 0;
		};
/* End PBXSourcesBuildPhase section */

/* Begin PBXTargetDependency section */
		CB51808827AFE9D000C5BF70 /* PBXTargetDependency */ = {
			isa = PBXTargetDependency;
			target = CB51807527AFE9C200C5BF70 /* MyReads */;
			targetProxy = CB51808727AFE9D000C5BF70 /* PBXContainerItemProxy */;
		};
		CB51809227AFE9D000C5BF70 /* PBXTargetDependency */ = {
			isa = PBXTargetDependency;
			target = CB51807527AFE9C200C5BF70 /* MyReads */;
			targetProxy = CB51809127AFE9D000C5BF70 /* PBXContainerItemProxy */;
		};
/* End PBXTargetDependency section */

/* Begin XCBuildConfiguration section */
		CB51809827AFE9D000C5BF70 /* Debug */ = {
			isa = XCBuildConfiguration;
			buildSettings = {
				ALWAYS_SEARCH_USER_PATHS = NO;
				CLANG_ANALYZER_NONNULL = YES;
				CLANG_ANALYZER_NUMBER_OBJECT_CONVERSION = YES_AGGRESSIVE;
				CLANG_CXX_LANGUAGE_STANDARD = "gnu++17";
				CLANG_CXX_LIBRARY = "libc++";
				CLANG_ENABLE_MODULES = YES;
				CLANG_ENABLE_OBJC_ARC = YES;
				CLANG_ENABLE_OBJC_WEAK = YES;
				CLANG_WARN_BLOCK_CAPTURE_AUTORELEASING = YES;
				CLANG_WARN_BOOL_CONVERSION = YES;
				CLANG_WARN_COMMA = YES;
				CLANG_WARN_CONSTANT_CONVERSION = YES;
				CLANG_WARN_DEPRECATED_OBJC_IMPLEMENTATIONS = YES;
				CLANG_WARN_DIRECT_OBJC_ISA_USAGE = YES_ERROR;
				CLANG_WARN_DOCUMENTATION_COMMENTS = YES;
				CLANG_WARN_EMPTY_BODY = YES;
				CLANG_WARN_ENUM_CONVERSION = YES;
				CLANG_WARN_INFINITE_RECURSION = YES;
				CLANG_WARN_INT_CONVERSION = YES;
				CLANG_WARN_NON_LITERAL_NULL_CONVERSION = YES;
				CLANG_WARN_OBJC_IMPLICIT_RETAIN_SELF = YES;
				CLANG_WARN_OBJC_LITERAL_CONVERSION = YES;
				CLANG_WARN_OBJC_ROOT_CLASS = YES_ERROR;
				CLANG_WARN_QUOTED_INCLUDE_IN_FRAMEWORK_HEADER = YES;
				CLANG_WARN_RANGE_LOOP_ANALYSIS = YES;
				CLANG_WARN_STRICT_PROTOTYPES = YES;
				CLANG_WARN_SUSPICIOUS_MOVE = YES;
				CLANG_WARN_UNGUARDED_AVAILABILITY = YES_AGGRESSIVE;
				CLANG_WARN_UNREACHABLE_CODE = YES;
				CLANG_WARN__DUPLICATE_METHOD_MATCH = YES;
				COPY_PHASE_STRIP = NO;
				DEBUG_INFORMATION_FORMAT = dwarf;
				ENABLE_STRICT_OBJC_MSGSEND = YES;
				ENABLE_TESTABILITY = YES;
				GCC_C_LANGUAGE_STANDARD = gnu11;
				GCC_DYNAMIC_NO_PIC = NO;
				GCC_NO_COMMON_BLOCKS = YES;
				GCC_OPTIMIZATION_LEVEL = 0;
				GCC_PREPROCESSOR_DEFINITIONS = (
					"DEBUG=1",
					"$(inherited)",
				);
				GCC_WARN_64_TO_32_BIT_CONVERSION = YES;
				GCC_WARN_ABOUT_RETURN_TYPE = YES_ERROR;
				GCC_WARN_UNDECLARED_SELECTOR = YES;
				GCC_WARN_UNINITIALIZED_AUTOS = YES_AGGRESSIVE;
				GCC_WARN_UNUSED_FUNCTION = YES;
				GCC_WARN_UNUSED_VARIABLE = YES;
				IPHONEOS_DEPLOYMENT_TARGET = 15.0;
				MTL_ENABLE_DEBUG_INFO = INCLUDE_SOURCE;
				MTL_FAST_MATH = YES;
				ONLY_ACTIVE_ARCH = YES;
				SDKROOT = iphoneos;
				SWIFT_ACTIVE_COMPILATION_CONDITIONS = DEBUG;
				SWIFT_OPTIMIZATION_LEVEL = "-Onone";
			};
			name = Debug;
		};
		CB51809927AFE9D000C5BF70 /* Release */ = {
			isa = XCBuildConfiguration;
			buildSettings = {
				ALWAYS_SEARCH_USER_PATHS = NO;
				CLANG_ANALYZER_NONNULL = YES;
				CLANG_ANALYZER_NUMBER_OBJECT_CONVERSION = YES_AGGRESSIVE;
				CLANG_CXX_LANGUAGE_STANDARD = "gnu++17";
				CLANG_CXX_LIBRARY = "libc++";
				CLANG_ENABLE_MODULES = YES;
				CLANG_ENABLE_OBJC_ARC = YES;
				CLANG_ENABLE_OBJC_WEAK = YES;
				CLANG_WARN_BLOCK_CAPTURE_AUTORELEASING = YES;
				CLANG_WARN_BOOL_CONVERSION = YES;
				CLANG_WARN_COMMA = YES;
				CLANG_WARN_CONSTANT_CONVERSION = YES;
				CLANG_WARN_DEPRECATED_OBJC_IMPLEMENTATIONS = YES;
				CLANG_WARN_DIRECT_OBJC_ISA_USAGE = YES_ERROR;
				CLANG_WARN_DOCUMENTATION_COMMENTS = YES;
				CLANG_WARN_EMPTY_BODY = YES;
				CLANG_WARN_ENUM_CONVERSION = YES;
				CLANG_WARN_INFINITE_RECURSION = YES;
				CLANG_WARN_INT_CONVERSION = YES;
				CLANG_WARN_NON_LITERAL_NULL_CONVERSION = YES;
				CLANG_WARN_OBJC_IMPLICIT_RETAIN_SELF = YES;
				CLANG_WARN_OBJC_LITERAL_CONVERSION = YES;
				CLANG_WARN_OBJC_ROOT_CLASS = YES_ERROR;
				CLANG_WARN_QUOTED_INCLUDE_IN_FRAMEWORK_HEADER = YES;
				CLANG_WARN_RANGE_LOOP_ANALYSIS = YES;
				CLANG_WARN_STRICT_PROTOTYPES = YES;
				CLANG_WARN_SUSPICIOUS_MOVE = YES;
				CLANG_WARN_UNGUARDED_AVAILABILITY = YES_AGGRESSIVE;
				CLANG_WARN_UNREACHABLE_CODE = YES;
				CLANG_WARN__DUPLICATE_METHOD_MATCH = YES;
				COPY_PHASE_STRIP = NO;
				DEBUG_INFORMATION_FORMAT = "dwarf-with-dsym";
				ENABLE_NS_ASSERTIONS = NO;
				ENABLE_STRICT_OBJC_MSGSEND = YES;
				GCC_C_LANGUAGE_STANDARD = gnu11;
				GCC_NO_COMMON_BLOCKS = YES;
				GCC_WARN_64_TO_32_BIT_CONVERSION = YES;
				GCC_WARN_ABOUT_RETURN_TYPE = YES_ERROR;
				GCC_WARN_UNDECLARED_SELECTOR = YES;
				GCC_WARN_UNINITIALIZED_AUTOS = YES_AGGRESSIVE;
				GCC_WARN_UNUSED_FUNCTION = YES;
				GCC_WARN_UNUSED_VARIABLE = YES;
				IPHONEOS_DEPLOYMENT_TARGET = 15.0;
				MTL_ENABLE_DEBUG_INFO = NO;
				MTL_FAST_MATH = YES;
				SDKROOT = iphoneos;
				SWIFT_COMPILATION_MODE = wholemodule;
				SWIFT_OPTIMIZATION_LEVEL = "-O";
				VALIDATE_PRODUCT = YES;
			};
			name = Release;
		};
		CB51809B27AFE9D000C5BF70 /* Debug */ = {
			isa = XCBuildConfiguration;
			baseConfigurationReference = 2A543E6E1F4114E060DF140F /* Pods-MyReads.debug.xcconfig */;
			buildSettings = {
				ASSETCATALOG_COMPILER_APPICON_NAME = AppIcon;
				ASSETCATALOG_COMPILER_GLOBAL_ACCENT_COLOR_NAME = AccentColor;
				CODE_SIGN_STYLE = Automatic;
				CURRENT_PROJECT_VERSION = 1;
				DEVELOPMENT_ASSET_PATHS = "\"MyReads/Preview Content\"";
				DEVELOPMENT_TEAM = 8EF4CLU9HX;
				ENABLE_PREVIEWS = YES;
				GENERATE_INFOPLIST_FILE = YES;
				INFOPLIST_KEY_UIApplicationSceneManifest_Generation = YES;
				INFOPLIST_KEY_UIApplicationSupportsIndirectInputEvents = YES;
				INFOPLIST_KEY_UILaunchScreen_Generation = YES;
				INFOPLIST_KEY_UISupportedInterfaceOrientations_iPad = "UIInterfaceOrientationPortrait UIInterfaceOrientationPortraitUpsideDown UIInterfaceOrientationLandscapeLeft UIInterfaceOrientationLandscapeRight";
				INFOPLIST_KEY_UISupportedInterfaceOrientations_iPhone = "UIInterfaceOrientationPortrait UIInterfaceOrientationLandscapeLeft UIInterfaceOrientationLandscapeRight";
				LD_RUNPATH_SEARCH_PATHS = (
					"$(inherited)",
					"@executable_path/Frameworks",
				);
				MARKETING_VERSION = 1.0;
				PRODUCT_BUNDLE_IDENTIFIER = atereshkov.myreads.MyReads;
				PRODUCT_NAME = "$(TARGET_NAME)";
				SWIFT_EMIT_LOC_STRINGS = YES;
				SWIFT_VERSION = 5.0;
				TARGETED_DEVICE_FAMILY = "1,2";
			};
			name = Debug;
		};
		CB51809C27AFE9D000C5BF70 /* Release */ = {
			isa = XCBuildConfiguration;
			baseConfigurationReference = 72393FC063E92F6A7E53469E /* Pods-MyReads.release.xcconfig */;
			buildSettings = {
				ASSETCATALOG_COMPILER_APPICON_NAME = AppIcon;
				ASSETCATALOG_COMPILER_GLOBAL_ACCENT_COLOR_NAME = AccentColor;
				CODE_SIGN_STYLE = Automatic;
				CURRENT_PROJECT_VERSION = 1;
				DEVELOPMENT_ASSET_PATHS = "\"MyReads/Preview Content\"";
				DEVELOPMENT_TEAM = 8EF4CLU9HX;
				ENABLE_PREVIEWS = YES;
				GENERATE_INFOPLIST_FILE = YES;
				INFOPLIST_KEY_UIApplicationSceneManifest_Generation = YES;
				INFOPLIST_KEY_UIApplicationSupportsIndirectInputEvents = YES;
				INFOPLIST_KEY_UILaunchScreen_Generation = YES;
				INFOPLIST_KEY_UISupportedInterfaceOrientations_iPad = "UIInterfaceOrientationPortrait UIInterfaceOrientationPortraitUpsideDown UIInterfaceOrientationLandscapeLeft UIInterfaceOrientationLandscapeRight";
				INFOPLIST_KEY_UISupportedInterfaceOrientations_iPhone = "UIInterfaceOrientationPortrait UIInterfaceOrientationLandscapeLeft UIInterfaceOrientationLandscapeRight";
				LD_RUNPATH_SEARCH_PATHS = (
					"$(inherited)",
					"@executable_path/Frameworks",
				);
				MARKETING_VERSION = 1.0;
				PRODUCT_BUNDLE_IDENTIFIER = atereshkov.myreads.MyReads;
				PRODUCT_NAME = "$(TARGET_NAME)";
				SWIFT_EMIT_LOC_STRINGS = YES;
				SWIFT_VERSION = 5.0;
				TARGETED_DEVICE_FAMILY = "1,2";
			};
			name = Release;
		};
		CB51809E27AFE9D000C5BF70 /* Debug */ = {
			isa = XCBuildConfiguration;
			baseConfigurationReference = C7AAC861F4C6D2AE29447CEA /* Pods-MyReadsTests.debug.xcconfig */;
			buildSettings = {
				ALWAYS_EMBED_SWIFT_STANDARD_LIBRARIES = YES;
				BUNDLE_LOADER = "$(TEST_HOST)";
				CODE_SIGN_STYLE = Automatic;
				CURRENT_PROJECT_VERSION = 1;
				DEVELOPMENT_TEAM = 8EF4CLU9HX;
				GENERATE_INFOPLIST_FILE = YES;
				IPHONEOS_DEPLOYMENT_TARGET = 15.0;
				LD_RUNPATH_SEARCH_PATHS = (
					"$(inherited)",
					"@executable_path/Frameworks",
					"@loader_path/Frameworks",
				);
				MARKETING_VERSION = 1.0;
				PRODUCT_BUNDLE_IDENTIFIER = atereshkov.myreads.MyReadsTests;
				PRODUCT_NAME = "$(TARGET_NAME)";
				SWIFT_EMIT_LOC_STRINGS = NO;
				SWIFT_VERSION = 5.0;
				TARGETED_DEVICE_FAMILY = "1,2";
				TEST_HOST = "$(BUILT_PRODUCTS_DIR)/MyReads.app/MyReads";
			};
			name = Debug;
		};
		CB51809F27AFE9D000C5BF70 /* Release */ = {
			isa = XCBuildConfiguration;
			baseConfigurationReference = D19B53A280D18F1DC6CBCC31 /* Pods-MyReadsTests.release.xcconfig */;
			buildSettings = {
				ALWAYS_EMBED_SWIFT_STANDARD_LIBRARIES = YES;
				BUNDLE_LOADER = "$(TEST_HOST)";
				CODE_SIGN_STYLE = Automatic;
				CURRENT_PROJECT_VERSION = 1;
				DEVELOPMENT_TEAM = 8EF4CLU9HX;
				GENERATE_INFOPLIST_FILE = YES;
				IPHONEOS_DEPLOYMENT_TARGET = 15.0;
				LD_RUNPATH_SEARCH_PATHS = (
					"$(inherited)",
					"@executable_path/Frameworks",
					"@loader_path/Frameworks",
				);
				MARKETING_VERSION = 1.0;
				PRODUCT_BUNDLE_IDENTIFIER = atereshkov.myreads.MyReadsTests;
				PRODUCT_NAME = "$(TARGET_NAME)";
				SWIFT_EMIT_LOC_STRINGS = NO;
				SWIFT_VERSION = 5.0;
				TARGETED_DEVICE_FAMILY = "1,2";
				TEST_HOST = "$(BUILT_PRODUCTS_DIR)/MyReads.app/MyReads";
			};
			name = Release;
		};
		CB5180A127AFE9D000C5BF70 /* Debug */ = {
			isa = XCBuildConfiguration;
			baseConfigurationReference = 1902215EB8F9424B30FFD018 /* Pods-MyReads-MyReadsUITests.debug.xcconfig */;
			buildSettings = {
				ALWAYS_EMBED_SWIFT_STANDARD_LIBRARIES = YES;
				CODE_SIGN_STYLE = Automatic;
				CURRENT_PROJECT_VERSION = 1;
				DEVELOPMENT_TEAM = 8EF4CLU9HX;
				GENERATE_INFOPLIST_FILE = YES;
				LD_RUNPATH_SEARCH_PATHS = (
					"$(inherited)",
					"@executable_path/Frameworks",
					"@loader_path/Frameworks",
				);
				MARKETING_VERSION = 1.0;
				PRODUCT_BUNDLE_IDENTIFIER = atereshkov.myreads.MyReadsUITests;
				PRODUCT_NAME = "$(TARGET_NAME)";
				SWIFT_EMIT_LOC_STRINGS = NO;
				SWIFT_VERSION = 5.0;
				TARGETED_DEVICE_FAMILY = "1,2";
				TEST_TARGET_NAME = MyReads;
			};
			name = Debug;
		};
		CB5180A227AFE9D000C5BF70 /* Release */ = {
			isa = XCBuildConfiguration;
			baseConfigurationReference = ECD09772BADAD826C38CA617 /* Pods-MyReads-MyReadsUITests.release.xcconfig */;
			buildSettings = {
				ALWAYS_EMBED_SWIFT_STANDARD_LIBRARIES = YES;
				CODE_SIGN_STYLE = Automatic;
				CURRENT_PROJECT_VERSION = 1;
				DEVELOPMENT_TEAM = 8EF4CLU9HX;
				GENERATE_INFOPLIST_FILE = YES;
				LD_RUNPATH_SEARCH_PATHS = (
					"$(inherited)",
					"@executable_path/Frameworks",
					"@loader_path/Frameworks",
				);
				MARKETING_VERSION = 1.0;
				PRODUCT_BUNDLE_IDENTIFIER = atereshkov.myreads.MyReadsUITests;
				PRODUCT_NAME = "$(TARGET_NAME)";
				SWIFT_EMIT_LOC_STRINGS = NO;
				SWIFT_VERSION = 5.0;
				TARGETED_DEVICE_FAMILY = "1,2";
				TEST_TARGET_NAME = MyReads;
			};
			name = Release;
		};
/* End XCBuildConfiguration section */

/* Begin XCConfigurationList section */
		CB51807127AFE9C200C5BF70 /* Build configuration list for PBXProject "MyReads" */ = {
			isa = XCConfigurationList;
			buildConfigurations = (
				CB51809827AFE9D000C5BF70 /* Debug */,
				CB51809927AFE9D000C5BF70 /* Release */,
			);
			defaultConfigurationIsVisible = 0;
			defaultConfigurationName = Release;
		};
		CB51809A27AFE9D000C5BF70 /* Build configuration list for PBXNativeTarget "MyReads" */ = {
			isa = XCConfigurationList;
			buildConfigurations = (
				CB51809B27AFE9D000C5BF70 /* Debug */,
				CB51809C27AFE9D000C5BF70 /* Release */,
			);
			defaultConfigurationIsVisible = 0;
			defaultConfigurationName = Release;
		};
		CB51809D27AFE9D000C5BF70 /* Build configuration list for PBXNativeTarget "MyReadsTests" */ = {
			isa = XCConfigurationList;
			buildConfigurations = (
				CB51809E27AFE9D000C5BF70 /* Debug */,
				CB51809F27AFE9D000C5BF70 /* Release */,
			);
			defaultConfigurationIsVisible = 0;
			defaultConfigurationName = Release;
		};
		CB5180A027AFE9D000C5BF70 /* Build configuration list for PBXNativeTarget "MyReadsUITests" */ = {
			isa = XCConfigurationList;
			buildConfigurations = (
				CB5180A127AFE9D000C5BF70 /* Debug */,
				CB5180A227AFE9D000C5BF70 /* Release */,
			);
			defaultConfigurationIsVisible = 0;
			defaultConfigurationName = Release;
		};
/* End XCConfigurationList section */

/* Begin XCSwiftPackageProductDependency section */
		CB39812127B9A2D800F17C87 /* AppCore */ = {
			isa = XCSwiftPackageProductDependency;
			productName = AppCore;
		};
/* End XCSwiftPackageProductDependency section */
	};
	rootObject = CB51806E27AFE9C200C5BF70 /* Project object */;
}
